
Microsoft Visual Studio Solution File, Format Version 12.00
# Visual Studio Version 16
VisualStudioVersion = 16.0.31112.23
MinimumVisualStudioVersion = 10.0.40219.1
Project("{FAE04EC0-301F-11D3-BF4B-00C04F79EFBC}") = "WpfApp1", "WpfApp1\WpfApp1.csproj", "{741FA396-D49E-4B0E-A5DC-7115E4940166}"
EndProject
Global
	GlobalSection(SolutionConfigurationPlatforms) = preSolution
		Debug|Any CPU = Debug|Any CPU
		Release|Any CPU = Release|Any CPU
	EndGlobalSection
	GlobalSection(ProjectConfigurationPlatforms) = postSolution
		{741FA396-D49E-4B0E-A5DC-7115E4940166}.Debug|Any CPU.ActiveCfg = Debug|Any CPU
		{741FA396-D49E-4B0E-A5DC-7115E4940166}.Debug|Any CPU.Build.0 = Debug|Any CPU
		{741FA396-D49E-4B0E-A5DC-7115E4940166}.Release|Any CPU.ActiveCfg = Release|Any CPU
		{741FA396-D49E-4B0E-A5DC-7115E4940166}.Release|Any CPU.Build.0 = Release|Any CPU
	EndGlobalSection
	GlobalSection(SolutionProperties) = preSolution
		HideSolutionNode = FALSE
	EndGlobalSection
	GlobalSection(ExtensibilityGlobals) = postSolution
		SolutionGuid = {36B61F20-7F08-49D9-8460-034A82AEE8B5}
	EndGlobalSection
EndGlobal
